
Microsoft Visual Studio Solution File, Format Version 12.00
# Visual Studio Version 16
VisualStudioVersion = 16.0.29025.244
MinimumVisualStudioVersion = 10.0.40219.1
Project("{9A19103F-16F7-4668-BE54-9A1E7A4F7556}") = "CoreApi", "CoreApi\CoreApi.csproj", "{D2E66D39-78B6-4902-9343-E70DB07629A7}"
EndProject
Project("{FAE04EC0-301F-11D3-BF4B-00C04F79EFBC}") = "WeatherForecastApi", "WeatherForecastApi\WeatherForecastApi.csproj", "{9CB1B02E-E20F-4A1B-849C-E3CE4DF7B653}"
EndProject
Global
	GlobalSection(SolutionConfigurationPlatforms) = preSolution
		Debug|Any CPU = Debug|Any CPU
		Release|Any CPU = Release|Any CPU
	EndGlobalSection
	GlobalSection(ProjectConfigurationPlatforms) = postSolution
		{D2E66D39-78B6-4902-9343-E70DB07629A7}.Debug|Any CPU.ActiveCfg = Debug|Any CPU
		{D2E66D39-78B6-4902-9343-E70DB07629A7}.Debug|Any CPU.Build.0 = Debug|Any CPU
		{D2E66D39-78B6-4902-9343-E70DB07629A7}.Release|Any CPU.ActiveCfg = Release|Any CPU
		{D2E66D39-78B6-4902-9343-E70DB07629A7}.Release|Any CPU.Build.0 = Release|Any CPU
		{9CB1B02E-E20F-4A1B-849C-E3CE4DF7B653}.Debug|Any CPU.ActiveCfg = Debug|Any CPU
		{9CB1B02E-E20F-4A1B-849C-E3CE4DF7B653}.Debug|Any CPU.Build.0 = Debug|Any CPU
		{9CB1B02E-E20F-4A1B-849C-E3CE4DF7B653}.Release|Any CPU.ActiveCfg = Release|Any CPU
		{9CB1B02E-E20F-4A1B-849C-E3CE4DF7B653}.Release|Any CPU.Build.0 = Release|Any CPU
	EndGlobalSection
	GlobalSection(SolutionProperties) = preSolution
		HideSolutionNode = FALSE
	EndGlobalSection
	GlobalSection(ExtensibilityGlobals) = postSolution
		SolutionGuid = {72D6D920-569C-4591-A9C6-9EEBE8C6BB22}
	EndGlobalSection
EndGlobal
